// !$*UTF8*$!
{
	archiveVersion = 1;
	classes = {
	};
	objectVersion = 46;
	objects = {

/* Begin PBXBuildFile section */
		6928D3951E59DF56008F6595 /* NetworkService.swift in Sources */ = {isa = PBXBuildFile; fileRef = 6928D3941E59DF56008F6595 /* NetworkService.swift */; };
		6928D3971E59F0EB008F6595 /* PhotoForumModel.swift in Sources */ = {isa = PBXBuildFile; fileRef = 6928D3961E59F0EB008F6595 /* PhotoForumModel.swift */; };
		6928D3991E59F41F008F6595 /* PhotoForumViewModel.swift in Sources */ = {isa = PBXBuildFile; fileRef = 6928D3981E59F41F008F6595 /* PhotoForumViewModel.swift */; };
		6928D39B1E5A0D16008F6595 /* PhotoForumHeaderViewModel.swift in Sources */ = {isa = PBXBuildFile; fileRef = 6928D39A1E5A0D16008F6595 /* PhotoForumHeaderViewModel.swift */; };
		6928D39D1E5A1FCE008F6595 /* PostCell.swift in Sources */ = {isa = PBXBuildFile; fileRef = 6928D39C1E5A1FCE008F6595 /* PostCell.swift */; };
		69E611B81E59D9D8003D79AB /* AppDelegate.swift in Sources */ = {isa = PBXBuildFile; fileRef = 69E611B71E59D9D8003D79AB /* AppDelegate.swift */; };
		69E611BA1E59D9D8003D79AB /* MainScreenViewController.swift in Sources */ = {isa = PBXBuildFile; fileRef = 69E611B91E59D9D8003D79AB /* MainScreenViewController.swift */; };
		69E611BF1E59D9D8003D79AB /* Assets.xcassets in Resources */ = {isa = PBXBuildFile; fileRef = 69E611BE1E59D9D8003D79AB /* Assets.xcassets */; };
		69E611C21E59D9D8003D79AB /* LaunchScreen.storyboard in Resources */ = {isa = PBXBuildFile; fileRef = 69E611C01E59D9D8003D79AB /* LaunchScreen.storyboard */; };
		69E611CD1E59D9D8003D79AB /* HubchatTestProjectTests.swift in Sources */ = {isa = PBXBuildFile; fileRef = 69E611CC1E59D9D8003D79AB /* HubchatTestProjectTests.swift */; };
		6DF5B6F2A826E756EF3E417D /* Pods_HubchatTestProjectTests.framework in Frameworks */ = {isa = PBXBuildFile; fileRef = 5DF790E778472E76CD88BB0D /* Pods_HubchatTestProjectTests.framework */; };
		6EA30C36C61D93E4FC905CDB /* Pods_HubchatTestProject.framework in Frameworks */ = {isa = PBXBuildFile; fileRef = 49D60F65E4F33B0CAD1C9FC9 /* Pods_HubchatTestProject.framework */; };
/* End PBXBuildFile section */

/* Begin PBXContainerItemProxy section */
		69E611C91E59D9D8003D79AB /* PBXContainerItemProxy */ = {
			isa = PBXContainerItemProxy;
			containerPortal = 69E611AC1E59D9D7003D79AB /* Project object */;
			proxyType = 1;
			remoteGlobalIDString = 69E611B31E59D9D7003D79AB;
			remoteInfo = HubchatTestProject;
		};
/* End PBXContainerItemProxy section */

/* Begin PBXFileReference section */
		16FC99EDFF6DBFD9A2114165 /* Pods-HubchatTestProjectTests.release.xcconfig */ = {isa = PBXFileReference; includeInIndex = 1; lastKnownFileType = text.xcconfig; name = "Pods-HubchatTestProjectTests.release.xcconfig"; path = "Pods/Target Support Files/Pods-HubchatTestProjectTests/Pods-HubchatTestProjectTests.release.xcconfig"; sourceTree = "<group>"; };
		49D60F65E4F33B0CAD1C9FC9 /* Pods_HubchatTestProject.framework */ = {isa = PBXFileReference; explicitFileType = wrapper.framework; includeInIndex = 0; path = Pods_HubchatTestProject.framework; sourceTree = BUILT_PRODUCTS_DIR; };
		5DF790E778472E76CD88BB0D /* Pods_HubchatTestProjectTests.framework */ = {isa = PBXFileReference; explicitFileType = wrapper.framework; includeInIndex = 0; path = Pods_HubchatTestProjectTests.framework; sourceTree = BUILT_PRODUCTS_DIR; };
		6928D3941E59DF56008F6595 /* NetworkService.swift */ = {isa = PBXFileReference; fileEncoding = 4; lastKnownFileType = sourcecode.swift; path = NetworkService.swift; sourceTree = "<group>"; };
		6928D3961E59F0EB008F6595 /* PhotoForumModel.swift */ = {isa = PBXFileReference; fileEncoding = 4; lastKnownFileType = sourcecode.swift; path = PhotoForumModel.swift; sourceTree = "<group>"; };
		6928D3981E59F41F008F6595 /* PhotoForumViewModel.swift */ = {isa = PBXFileReference; fileEncoding = 4; lastKnownFileType = sourcecode.swift; path = PhotoForumViewModel.swift; sourceTree = "<group>"; };
		6928D39A1E5A0D16008F6595 /* PhotoForumHeaderViewModel.swift */ = {isa = PBXFileReference; fileEncoding = 4; lastKnownFileType = sourcecode.swift; path = PhotoForumHeaderViewModel.swift; sourceTree = "<group>"; };
		6928D39C1E5A1FCE008F6595 /* PostCell.swift */ = {isa = PBXFileReference; fileEncoding = 4; lastKnownFileType = sourcecode.swift; path = PostCell.swift; sourceTree = "<group>"; };
		69E611B41E59D9D8003D79AB /* HubchatTestProject.app */ = {isa = PBXFileReference; explicitFileType = wrapper.application; includeInIndex = 0; path = HubchatTestProject.app; sourceTree = BUILT_PRODUCTS_DIR; };
		69E611B71E59D9D8003D79AB /* AppDelegate.swift */ = {isa = PBXFileReference; lastKnownFileType = sourcecode.swift; path = AppDelegate.swift; sourceTree = "<group>"; };
		69E611B91E59D9D8003D79AB /* MainScreenViewController.swift */ = {isa = PBXFileReference; lastKnownFileType = sourcecode.swift; path = MainScreenViewController.swift; sourceTree = "<group>"; };
		69E611BE1E59D9D8003D79AB /* Assets.xcassets */ = {isa = PBXFileReference; lastKnownFileType = folder.assetcatalog; path = Assets.xcassets; sourceTree = "<group>"; };
		69E611C11E59D9D8003D79AB /* Base */ = {isa = PBXFileReference; lastKnownFileType = file.storyboard; name = Base; path = Base.lproj/LaunchScreen.storyboard; sourceTree = "<group>"; };
		69E611C31E59D9D8003D79AB /* Info.plist */ = {isa = PBXFileReference; lastKnownFileType = text.plist.xml; path = Info.plist; sourceTree = "<group>"; };
		69E611C81E59D9D8003D79AB /* HubchatTestProjectTests.xctest */ = {isa = PBXFileReference; explicitFileType = wrapper.cfbundle; includeInIndex = 0; path = HubchatTestProjectTests.xctest; sourceTree = BUILT_PRODUCTS_DIR; };
		69E611CC1E59D9D8003D79AB /* HubchatTestProjectTests.swift */ = {isa = PBXFileReference; lastKnownFileType = sourcecode.swift; path = HubchatTestProjectTests.swift; sourceTree = "<group>"; };
		69E611CE1E59D9D8003D79AB /* Info.plist */ = {isa = PBXFileReference; lastKnownFileType = text.plist.xml; path = Info.plist; sourceTree = "<group>"; };
		ACD3421EC494D979B324C58B /* Pods-HubchatTestProject.release.xcconfig */ = {isa = PBXFileReference; includeInIndex = 1; lastKnownFileType = text.xcconfig; name = "Pods-HubchatTestProject.release.xcconfig"; path = "Pods/Target Support Files/Pods-HubchatTestProject/Pods-HubchatTestProject.release.xcconfig"; sourceTree = "<group>"; };
		B6CEB80975A287A9ABAA7A59 /* Pods-HubchatTestProjectTests.debug.xcconfig */ = {isa = PBXFileReference; includeInIndex = 1; lastKnownFileType = text.xcconfig; name = "Pods-HubchatTestProjectTests.debug.xcconfig"; path = "Pods/Target Support Files/Pods-HubchatTestProjectTests/Pods-HubchatTestProjectTests.debug.xcconfig"; sourceTree = "<group>"; };
		D632F10BD79FFFDF46F09467 /* Pods-HubchatTestProject.debug.xcconfig */ = {isa = PBXFileReference; includeInIndex = 1; lastKnownFileType = text.xcconfig; name = "Pods-HubchatTestProject.debug.xcconfig"; path = "Pods/Target Support Files/Pods-HubchatTestProject/Pods-HubchatTestProject.debug.xcconfig"; sourceTree = "<group>"; };
/* End PBXFileReference section */

/* Begin PBXFrameworksBuildPhase section */
		69E611B11E59D9D7003D79AB /* Frameworks */ = {
			isa = PBXFrameworksBuildPhase;
			buildActionMask = 2147483647;
			files = (
				6EA30C36C61D93E4FC905CDB /* Pods_HubchatTestProject.framework in Frameworks */,
			);
			runOnlyForDeploymentPostprocessing = 0;
		};
		69E611C51E59D9D8003D79AB /* Frameworks */ = {
			isa = PBXFrameworksBuildPhase;
			buildActionMask = 2147483647;
			files = (
				6DF5B6F2A826E756EF3E417D /* Pods_HubchatTestProjectTests.framework in Frameworks */,
			);
			runOnlyForDeploymentPostprocessing = 0;
		};
/* End PBXFrameworksBuildPhase section */

/* Begin PBXGroup section */
		276D21D18083AD0E8AD7B4F6 /* Pods */ = {
			isa = PBXGroup;
			children = (
				D632F10BD79FFFDF46F09467 /* Pods-HubchatTestProject.debug.xcconfig */,
				ACD3421EC494D979B324C58B /* Pods-HubchatTestProject.release.xcconfig */,
				B6CEB80975A287A9ABAA7A59 /* Pods-HubchatTestProjectTests.debug.xcconfig */,
				16FC99EDFF6DBFD9A2114165 /* Pods-HubchatTestProjectTests.release.xcconfig */,
			);
			name = Pods;
			sourceTree = "<group>";
		};
		34E1B944900E203480A7F8C9 /* Frameworks */ = {
			isa = PBXGroup;
			children = (
				49D60F65E4F33B0CAD1C9FC9 /* Pods_HubchatTestProject.framework */,
				5DF790E778472E76CD88BB0D /* Pods_HubchatTestProjectTests.framework */,
			);
			name = Frameworks;
			sourceTree = "<group>";
		};
		69E611AB1E59D9D7003D79AB = {
			isa = PBXGroup;
			children = (
				69E611B61E59D9D8003D79AB /* HubchatTestProject */,
				69E611CB1E59D9D8003D79AB /* HubchatTestProjectTests */,
				69E611B51E59D9D8003D79AB /* Products */,
				276D21D18083AD0E8AD7B4F6 /* Pods */,
				34E1B944900E203480A7F8C9 /* Frameworks */,
			);
			sourceTree = "<group>";
		};
		69E611B51E59D9D8003D79AB /* Products */ = {
			isa = PBXGroup;
			children = (
				69E611B41E59D9D8003D79AB /* HubchatTestProject.app */,
				69E611C81E59D9D8003D79AB /* HubchatTestProjectTests.xctest */,
			);
			name = Products;
			sourceTree = "<group>";
		};
		69E611B61E59D9D8003D79AB /* HubchatTestProject */ = {
			isa = PBXGroup;
			children = (
				69E611B71E59D9D8003D79AB /* AppDelegate.swift */,
				69E611BE1E59D9D8003D79AB /* Assets.xcassets */,
				6928D3941E59DF56008F6595 /* NetworkService.swift */,
				69E611C31E59D9D8003D79AB /* Info.plist */,
				69E611C01E59D9D8003D79AB /* LaunchScreen.storyboard */,
				69E611B91E59D9D8003D79AB /* MainScreenViewController.swift */,
				6928D39C1E5A1FCE008F6595 /* PostCell.swift */,
				6928D39A1E5A0D16008F6595 /* PhotoForumHeaderViewModel.swift */,
				6928D3961E59F0EB008F6595 /* PhotoForumModel.swift */,
				6928D3981E59F41F008F6595 /* PhotoForumViewModel.swift */,
			);
			path = HubchatTestProject;
			sourceTree = "<group>";
		};
		69E611CB1E59D9D8003D79AB /* HubchatTestProjectTests */ = {
			isa = PBXGroup;
			children = (
				69E611CC1E59D9D8003D79AB /* HubchatTestProjectTests.swift */,
				69E611CE1E59D9D8003D79AB /* Info.plist */,
			);
			path = HubchatTestProjectTests;
			sourceTree = "<group>";
		};
/* End PBXGroup section */

/* Begin PBXNativeTarget section */
		69E611B31E59D9D7003D79AB /* HubchatTestProject */ = {
			isa = PBXNativeTarget;
			buildConfigurationList = 69E611D11E59D9D8003D79AB /* Build configuration list for PBXNativeTarget "HubchatTestProject" */;
			buildPhases = (
				312D74E66941F256E6F50EA2 /* [CP] Check Pods Manifest.lock */,
				69E611B01E59D9D7003D79AB /* Sources */,
				69E611B11E59D9D7003D79AB /* Frameworks */,
				69E611B21E59D9D7003D79AB /* Resources */,
				346235615B5BD0A43C29BB13 /* [CP] Embed Pods Frameworks */,
				37DBA07588EA227C51A7D4F2 /* [CP] Copy Pods Resources */,
			);
			buildRules = (
			);
			dependencies = (
			);
			name = HubchatTestProject;
			productName = HubchatTestProject;
			productReference = 69E611B41E59D9D8003D79AB /* HubchatTestProject.app */;
			productType = "com.apple.product-type.application";
		};
		69E611C71E59D9D8003D79AB /* HubchatTestProjectTests */ = {
			isa = PBXNativeTarget;
			buildConfigurationList = 69E611D41E59D9D8003D79AB /* Build configuration list for PBXNativeTarget "HubchatTestProjectTests" */;
			buildPhases = (
				56FB4C0E44130F10FF3EB307 /* [CP] Check Pods Manifest.lock */,
				69E611C41E59D9D8003D79AB /* Sources */,
				69E611C51E59D9D8003D79AB /* Frameworks */,
				69E611C61E59D9D8003D79AB /* Resources */,
				D1814A4D2CAB4DD60789D6AE /* [CP] Embed Pods Frameworks */,
				29F81F356E3E359C542CAA04 /* [CP] Copy Pods Resources */,
			);
			buildRules = (
			);
			dependencies = (
				69E611CA1E59D9D8003D79AB /* PBXTargetDependency */,
			);
			name = HubchatTestProjectTests;
			productName = HubchatTestProjectTests;
			productReference = 69E611C81E59D9D8003D79AB /* HubchatTestProjectTests.xctest */;
			productType = "com.apple.product-type.bundle.unit-test";
		};
/* End PBXNativeTarget section */

/* Begin PBXProject section */
		69E611AC1E59D9D7003D79AB /* Project object */ = {
			isa = PBXProject;
			attributes = {
				LastSwiftUpdateCheck = 0820;
				LastUpgradeCheck = 0820;
				ORGANIZATIONNAME = "Artem Abramov";
				TargetAttributes = {
					69E611B31E59D9D7003D79AB = {
						CreatedOnToolsVersion = 8.2.1;
						DevelopmentTeam = 34ZA6ERXJJ;
						ProvisioningStyle = Automatic;
					};
					69E611C71E59D9D8003D79AB = {
						CreatedOnToolsVersion = 8.2.1;
						DevelopmentTeam = 34ZA6ERXJJ;
						ProvisioningStyle = Automatic;
						TestTargetID = 69E611B31E59D9D7003D79AB;
					};
				};
			};
			buildConfigurationList = 69E611AF1E59D9D7003D79AB /* Build configuration list for PBXProject "HubchatTestProject" */;
			compatibilityVersion = "Xcode 3.2";
			developmentRegion = English;
			hasScannedForEncodings = 0;
			knownRegions = (
				en,
				Base,
			);
			mainGroup = 69E611AB1E59D9D7003D79AB;
			productRefGroup = 69E611B51E59D9D8003D79AB /* Products */;
			projectDirPath = "";
			projectRoot = "";
			targets = (
				69E611B31E59D9D7003D79AB /* HubchatTestProject */,
				69E611C71E59D9D8003D79AB /* HubchatTestProjectTests */,
			);
		};
/* End PBXProject section */

/* Begin PBXResourcesBuildPhase section */
		69E611B21E59D9D7003D79AB /* Resources */ = {
			isa = PBXResourcesBuildPhase;
			buildActionMask = 2147483647;
			files = (
				69E611C21E59D9D8003D79AB /* LaunchScreen.storyboard in Resources */,
				69E611BF1E59D9D8003D79AB /* Assets.xcassets in Resources */,
			);
			runOnlyForDeploymentPostprocessing = 0;
		};
		69E611C61E59D9D8003D79AB /* Resources */ = {
			isa = PBXResourcesBuildPhase;
			buildActionMask = 2147483647;
			files = (
			);
			runOnlyForDeploymentPostprocessing = 0;
		};
/* End PBXResourcesBuildPhase section */

/* Begin PBXShellScriptBuildPhase section */
		29F81F356E3E359C542CAA04 /* [CP] Copy Pods Resources */ = {
			isa = PBXShellScriptBuildPhase;
			buildActionMask = 2147483647;
			files = (
			);
			inputPaths = (
			);
			name = "[CP] Copy Pods Resources";
			outputPaths = (
			);
			runOnlyForDeploymentPostprocessing = 0;
			shellPath = /bin/sh;
			shellScript = "\"${SRCROOT}/Pods/Target Support Files/Pods-HubchatTestProjectTests/Pods-HubchatTestProjectTests-resources.sh\"\n";
			showEnvVarsInLog = 0;
		};
		312D74E66941F256E6F50EA2 /* [CP] Check Pods Manifest.lock */ = {
			isa = PBXShellScriptBuildPhase;
			buildActionMask = 2147483647;
			files = (
			);
			inputPaths = (
			);
			name = "[CP] Check Pods Manifest.lock";
			outputPaths = (
			);
			runOnlyForDeploymentPostprocessing = 0;
			shellPath = /bin/sh;
			shellScript = "diff \"${PODS_ROOT}/../Podfile.lock\" \"${PODS_ROOT}/Manifest.lock\" > /dev/null\nif [ $? != 0 ] ; then\n    # print error to STDERR\n    echo \"error: The sandbox is not in sync with the Podfile.lock. Run 'pod install' or update your CocoaPods installation.\" >&2\n    exit 1\nfi\n";
			showEnvVarsInLog = 0;
		};
		346235615B5BD0A43C29BB13 /* [CP] Embed Pods Frameworks */ = {
			isa = PBXShellScriptBuildPhase;
			buildActionMask = 2147483647;
			files = (
			);
			inputPaths = (
			);
			name = "[CP] Embed Pods Frameworks";
			outputPaths = (
			);
			runOnlyForDeploymentPostprocessing = 0;
			shellPath = /bin/sh;
			shellScript = "\"${SRCROOT}/Pods/Target Support Files/Pods-HubchatTestProject/Pods-HubchatTestProject-frameworks.sh\"\n";
			showEnvVarsInLog = 0;
		};
		37DBA07588EA227C51A7D4F2 /* [CP] Copy Pods Resources */ = {
			isa = PBXShellScriptBuildPhase;
			buildActionMask = 2147483647;
			files = (
			);
			inputPaths = (
			);
			name = "[CP] Copy Pods Resources";
			outputPaths = (
			);
			runOnlyForDeploymentPostprocessing = 0;
			shellPath = /bin/sh;
			shellScript = "\"${SRCROOT}/Pods/Target Support Files/Pods-HubchatTestProject/Pods-HubchatTestProject-resources.sh\"\n";
			showEnvVarsInLog = 0;
		};
		56FB4C0E44130F10FF3EB307 /* [CP] Check Pods Manifest.lock */ = {
			isa = PBXShellScriptBuildPhase;
			buildActionMask = 2147483647;
			files = (
			);
			inputPaths = (
			);
			name = "[CP] Check Pods Manifest.lock";
			outputPaths = (
			);
			runOnlyForDeploymentPostprocessing = 0;
			shellPath = /bin/sh;
			shellScript = "diff \"${PODS_ROOT}/../Podfile.lock\" \"${PODS_ROOT}/Manifest.lock\" > /dev/null\nif [ $? != 0 ] ; then\n    # print error to STDERR\n    echo \"error: The sandbox is not in sync with the Podfile.lock. Run 'pod install' or update your CocoaPods installation.\" >&2\n    exit 1\nfi\n";
			showEnvVarsInLog = 0;
		};
		D1814A4D2CAB4DD60789D6AE /* [CP] Embed Pods Frameworks */ = {
			isa = PBXShellScriptBuildPhase;
			buildActionMask = 2147483647;
			files = (
			);
			inputPaths = (
			);
			name = "[CP] Embed Pods Frameworks";
			outputPaths = (
			);
			runOnlyForDeploymentPostprocessing = 0;
			shellPath = /bin/sh;
			shellScript = "\"${SRCROOT}/Pods/Target Support Files/Pods-HubchatTestProjectTests/Pods-HubchatTestProjectTests-frameworks.sh\"\n";
			showEnvVarsInLog = 0;
		};
/* End PBXShellScriptBuildPhase section */

/* Begin PBXSourcesBuildPhase section */
		69E611B01E59D9D7003D79AB /* Sources */ = {
			isa = PBXSourcesBuildPhase;
			buildActionMask = 2147483647;
			files = (
				6928D39D1E5A1FCE008F6595 /* PostCell.swift in Sources */,
				69E611BA1E59D9D8003D79AB /* MainScreenViewController.swift in Sources */,
				6928D3951E59DF56008F6595 /* NetworkService.swift in Sources */,
				6928D3991E59F41F008F6595 /* PhotoForumViewModel.swift in Sources */,
				69E611B81E59D9D8003D79AB /* AppDelegate.swift in Sources */,
				6928D3971E59F0EB008F6595 /* PhotoForumModel.swift in Sources */,
				6928D39B1E5A0D16008F6595 /* PhotoForumHeaderViewModel.swift in Sources */,
			);
			runOnlyForDeploymentPostprocessing = 0;
		};
		69E611C41E59D9D8003D79AB /* Sources */ = {
			isa = PBXSourcesBuildPhase;
			buildActionMask = 2147483647;
			files = (
				69E611CD1E59D9D8003D79AB /* HubchatTestProjectTests.swift in Sources */,
			);
			runOnlyForDeploymentPostprocessing = 0;
		};
/* End PBXSourcesBuildPhase section */

/* Begin PBXTargetDependency section */
		69E611CA1E59D9D8003D79AB /* PBXTargetDependency */ = {
			isa = PBXTargetDependency;
			target = 69E611B31E59D9D7003D79AB /* HubchatTestProject */;
			targetProxy = 69E611C91E59D9D8003D79AB /* PBXContainerItemProxy */;
		};
/* End PBXTargetDependency section */

/* Begin PBXVariantGroup section */
		69E611C01E59D9D8003D79AB /* LaunchScreen.storyboard */ = {
			isa = PBXVariantGroup;
			children = (
				69E611C11E59D9D8003D79AB /* Base */,
			);
			name = LaunchScreen.storyboard;
			sourceTree = "<group>";
		};
/* End PBXVariantGroup section */

/* Begin XCBuildConfiguration section */
		69E611CF1E59D9D8003D79AB /* Debug */ = {
			isa = XCBuildConfiguration;
			buildSettings = {
				ALWAYS_SEARCH_USER_PATHS = NO;
				CLANG_ANALYZER_NONNULL = YES;
				CLANG_CXX_LANGUAGE_STANDARD = "gnu++0x";
				CLANG_CXX_LIBRARY = "libc++";
				CLANG_ENABLE_MODULES = YES;
				CLANG_ENABLE_OBJC_ARC = YES;
				CLANG_WARN_BOOL_CONVERSION = YES;
				CLANG_WARN_CONSTANT_CONVERSION = YES;
				CLANG_WARN_DIRECT_OBJC_ISA_USAGE = YES_ERROR;
				CLANG_WARN_DOCUMENTATION_COMMENTS = YES;
				CLANG_WARN_EMPTY_BODY = YES;
				CLANG_WARN_ENUM_CONVERSION = YES;
				CLANG_WARN_INFINITE_RECURSION = YES;
				CLANG_WARN_INT_CONVERSION = YES;
				CLANG_WARN_OBJC_ROOT_CLASS = YES_ERROR;
				CLANG_WARN_SUSPICIOUS_MOVE = YES;
				CLANG_WARN_UNREACHABLE_CODE = YES;
				CLANG_WARN__DUPLICATE_METHOD_MATCH = YES;
				"CODE_SIGN_IDENTITY[sdk=iphoneos*]" = "iPhone Developer";
				COPY_PHASE_STRIP = NO;
				DEBUG_INFORMATION_FORMAT = dwarf;
				ENABLE_STRICT_OBJC_MSGSEND = YES;
				ENABLE_TESTABILITY = YES;
				GCC_C_LANGUAGE_STANDARD = gnu99;
				GCC_DYNAMIC_NO_PIC = NO;
				GCC_NO_COMMON_BLOCKS = YES;
				GCC_OPTIMIZATION_LEVEL = 0;
				GCC_PREPROCESSOR_DEFINITIONS = (
					"DEBUG=1",
					"$(inherited)",
				);
				GCC_WARN_64_TO_32_BIT_CONVERSION = YES;
				GCC_WARN_ABOUT_RETURN_TYPE = YES_ERROR;
				GCC_WARN_UNDECLARED_SELECTOR = YES;
				GCC_WARN_UNINITIALIZED_AUTOS = YES_AGGRESSIVE;
				GCC_WARN_UNUSED_FUNCTION = YES;
				GCC_WARN_UNUSED_VARIABLE = YES;
				IPHONEOS_DEPLOYMENT_TARGET = 9.0;
				MTL_ENABLE_DEBUG_INFO = YES;
				ONLY_ACTIVE_ARCH = YES;
				SDKROOT = iphoneos;
				SWIFT_ACTIVE_COMPILATION_CONDITIONS = DEBUG;
				SWIFT_OPTIMIZATION_LEVEL = "-Onone";
			};
			name = Debug;
		};
		69E611D01E59D9D8003D79AB /* Release */ = {
			isa = XCBuildConfiguration;
			buildSettings = {
				ALWAYS_SEARCH_USER_PATHS = NO;
				CLANG_ANALYZER_NONNULL = YES;
				CLANG_CXX_LANGUAGE_STANDARD = "gnu++0x";
				CLANG_CXX_LIBRARY = "libc++";
				CLANG_ENABLE_MODULES = YES;
				CLANG_ENABLE_OBJC_ARC = YES;
				CLANG_WARN_BOOL_CONVERSION = YES;
				CLANG_WARN_CONSTANT_CONVERSION = YES;
				CLANG_WARN_DIRECT_OBJC_ISA_USAGE = YES_ERROR;
				CLANG_WARN_DOCUMENTATION_COMMENTS = YES;
				CLANG_WARN_EMPTY_BODY = YES;
				CLANG_WARN_ENUM_CONVERSION = YES;
				CLANG_WARN_INFINITE_RECURSION = YES;
				CLANG_WARN_INT_CONVERSION = YES;
				CLANG_WARN_OBJC_ROOT_CLASS = YES_ERROR;
				CLANG_WARN_SUSPICIOUS_MOVE = YES;
				CLANG_WARN_UNREACHABLE_CODE = YES;
				CLANG_WARN__DUPLICATE_METHOD_MATCH = YES;
				"CODE_SIGN_IDENTITY[sdk=iphoneos*]" = "iPhone Developer";
				COPY_PHASE_STRIP = NO;
				DEBUG_INFORMATION_FORMAT = "dwarf-with-dsym";
				ENABLE_NS_ASSERTIONS = NO;
				ENABLE_STRICT_OBJC_MSGSEND = YES;
				GCC_C_LANGUAGE_STANDARD = gnu99;
				GCC_NO_COMMON_BLOCKS = YES;
				GCC_WARN_64_TO_32_BIT_CONVERSION = YES;
				GCC_WARN_ABOUT_RETURN_TYPE = YES_ERROR;
				GCC_WARN_UNDECLARED_SELECTOR = YES;
				GCC_WARN_UNINITIALIZED_AUTOS = YES_AGGRESSIVE;
				GCC_WARN_UNUSED_FUNCTION = YES;
				GCC_WARN_UNUSED_VARIABLE = YES;
				IPHONEOS_DEPLOYMENT_TARGET = 9.0;
				MTL_ENABLE_DEBUG_INFO = NO;
				SDKROOT = iphoneos;
				SWIFT_OPTIMIZATION_LEVEL = "-Owholemodule";
				VALIDATE_PRODUCT = YES;
			};
			name = Release;
		};
		69E611D21E59D9D8003D79AB /* Debug */ = {
			isa = XCBuildConfiguration;
			baseConfigurationReference = D632F10BD79FFFDF46F09467 /* Pods-HubchatTestProject.debug.xcconfig */;
			buildSettings = {
				ASSETCATALOG_COMPILER_APPICON_NAME = AppIcon;
				DEVELOPMENT_TEAM = 34ZA6ERXJJ;
				INFOPLIST_FILE = HubchatTestProject/Info.plist;
				LD_RUNPATH_SEARCH_PATHS = "$(inherited) @executable_path/Frameworks";
				PRODUCT_BUNDLE_IDENTIFIER = io.github.nsartem.HubchatTestProject;
				PRODUCT_NAME = "$(TARGET_NAME)";
				SWIFT_VERSION = 3.0;
			};
			name = Debug;
		};
		69E611D31E59D9D8003D79AB /* Release */ = {
			isa = XCBuildConfiguration;
			baseConfigurationReference = ACD3421EC494D979B324C58B /* Pods-HubchatTestProject.release.xcconfig */;
			buildSettings = {
				ASSETCATALOG_COMPILER_APPICON_NAME = AppIcon;
				DEVELOPMENT_TEAM = 34ZA6ERXJJ;
				INFOPLIST_FILE = HubchatTestProject/Info.plist;
				LD_RUNPATH_SEARCH_PATHS = "$(inherited) @executable_path/Frameworks";
				PRODUCT_BUNDLE_IDENTIFIER = io.github.nsartem.HubchatTestProject;
				PRODUCT_NAME = "$(TARGET_NAME)";
				SWIFT_VERSION = 3.0;
			};
			name = Release;
		};
		69E611D51E59D9D8003D79AB /* Debug */ = {
			isa = XCBuildConfiguration;
			baseConfigurationReference = B6CEB80975A287A9ABAA7A59 /* Pods-HubchatTestProjectTests.debug.xcconfig */;
			buildSettings = {
				ALWAYS_EMBED_SWIFT_STANDARD_LIBRARIES = YES;
				BUNDLE_LOADER = "$(TEST_HOST)";
				DEVELOPMENT_TEAM = 34ZA6ERXJJ;
				INFOPLIST_FILE = HubchatTestProjectTests/Info.plist;
				LD_RUNPATH_SEARCH_PATHS = "$(inherited) @executable_path/Frameworks @loader_path/Frameworks";
				PRODUCT_BUNDLE_IDENTIFIER = io.github.nsartem.HubchatTestProjectTests;
				PRODUCT_NAME = "$(TARGET_NAME)";
				SWIFT_VERSION = 3.0;
				TEST_HOST = "$(BUILT_PRODUCTS_DIR)/HubchatTestProject.app/HubchatTestProject";
			};
			name = Debug;
		};
		69E611D61E59D9D8003D79AB /* Release */ = {
			isa = XCBuildConfiguration;
			baseConfigurationReference = 16FC99EDFF6DBFD9A2114165 /* Pods-HubchatTestProjectTests.release.xcconfig */;
			buildSettings = {
				ALWAYS_EMBED_SWIFT_STANDARD_LIBRARIES = YES;
				BUNDLE_LOADER = "$(TEST_HOST)";
				DEVELOPMENT_TEAM = 34ZA6ERXJJ;
				INFOPLIST_FILE = HubchatTestProjectTests/Info.plist;
				LD_RUNPATH_SEARCH_PATHS = "$(inherited) @executable_path/Frameworks @loader_path/Frameworks";
				PRODUCT_BUNDLE_IDENTIFIER = io.github.nsartem.HubchatTestProjectTests;
				PRODUCT_NAME = "$(TARGET_NAME)";
				SWIFT_VERSION = 3.0;
				TEST_HOST = "$(BUILT_PRODUCTS_DIR)/HubchatTestProject.app/HubchatTestProject";
			};
			name = Release;
		};
/* End XCBuildConfiguration section */

/* Begin XCConfigurationList section */
		69E611AF1E59D9D7003D79AB /* Build configuration list for PBXProject "HubchatTestProject" */ = {
			isa = XCConfigurationList;
			buildConfigurations = (
				69E611CF1E59D9D8003D79AB /* Debug */,
				69E611D01E59D9D8003D79AB /* Release */,
			);
			defaultConfigurationIsVisible = 0;
			defaultConfigurationName = Release;
		};
		69E611D11E59D9D8003D79AB /* Build configuration list for PBXNativeTarget "HubchatTestProject" */ = {
			isa = XCConfigurationList;
			buildConfigurations = (
				69E611D21E59D9D8003D79AB /* Debug */,
				69E611D31E59D9D8003D79AB /* Release */,
			);
			defaultConfigurationIsVisible = 0;
			defaultConfigurationName = Release;
		};
		69E611D41E59D9D8003D79AB /* Build configuration list for PBXNativeTarget "HubchatTestProjectTests" */ = {
			isa = XCConfigurationList;
			buildConfigurations = (
				69E611D51E59D9D8003D79AB /* Debug */,
				69E611D61E59D9D8003D79AB /* Release */,
			);
			defaultConfigurationIsVisible = 0;
			defaultConfigurationName = Release;
		};
/* End XCConfigurationList section */
	};
	rootObject = 69E611AC1E59D9D7003D79AB /* Project object */;
}
